
Microsoft Visual Studio Solution File, Format Version 12.00
# Visual Studio Version 17
VisualStudioVersion = 17.1.32421.90
MinimumVisualStudioVersion = 10.0.40219.1
Project("{FAE04EC0-301F-11D3-BF4B-00C04F79EFBC}") = "Variables and Data Types", "Variables and Data Types.csproj", "{51C43B59-338A-4845-84B5-C711067004CB}"
EndProject
Global
	GlobalSection(SolutionConfigurationPlatforms) = preSolution
		Debug|Any CPU = Debug|Any CPU
		Release|Any CPU = Release|Any CPU
	EndGlobalSection
	GlobalSection(ProjectConfigurationPlatforms) = postSolution
		{51C43B59-338A-4845-84B5-C711067004CB}.Debug|Any CPU.ActiveCfg = Debug|Any CPU
		{51C43B59-338A-4845-84B5-C711067004CB}.Debug|Any CPU.Build.0 = Debug|Any CPU
		{51C43B59-338A-4845-84B5-C711067004CB}.Release|Any CPU.ActiveCfg = Release|Any CPU
		{51C43B59-338A-4845-84B5-C711067004CB}.Release|Any CPU.Build.0 = Release|Any CPU
	EndGlobalSection
	GlobalSection(SolutionProperties) = preSolution
		HideSolutionNode = FALSE
	EndGlobalSection
	GlobalSection(ExtensibilityGlobals) = postSolution
		SolutionGuid = {12E38FF9-B506-483C-BA86-255018D8B2FA}
	EndGlobalSection
EndGlobal
