
Microsoft Visual Studio Solution File, Format Version 12.00
# Visual Studio Version 17
VisualStudioVersion = 17.1.32421.90
MinimumVisualStudioVersion = 10.0.40219.1
Project("{FAE04EC0-301F-11D3-BF4B-00C04F79EFBC}") = "Inheritance Assignment", "Inheritance Assignment.csproj", "{DBCC251C-E176-46CC-95C8-F6F12B592014}"
EndProject
Global
	GlobalSection(SolutionConfigurationPlatforms) = preSolution
		Debug|Any CPU = Debug|Any CPU
		Release|Any CPU = Release|Any CPU
	EndGlobalSection
	GlobalSection(ProjectConfigurationPlatforms) = postSolution
		{DBCC251C-E176-46CC-95C8-F6F12B592014}.Debug|Any CPU.ActiveCfg = Debug|Any CPU
		{DBCC251C-E176-46CC-95C8-F6F12B592014}.Debug|Any CPU.Build.0 = Debug|Any CPU
		{DBCC251C-E176-46CC-95C8-F6F12B592014}.Release|Any CPU.ActiveCfg = Release|Any CPU
		{DBCC251C-E176-46CC-95C8-F6F12B592014}.Release|Any CPU.Build.0 = Release|Any CPU
	EndGlobalSection
	GlobalSection(SolutionProperties) = preSolution
		HideSolutionNode = FALSE
	EndGlobalSection
	GlobalSection(ExtensibilityGlobals) = postSolution
		SolutionGuid = {426B0907-60BF-412C-A43B-44D65E7778E3}
	EndGlobalSection
EndGlobal
