
Microsoft Visual Studio Solution File, Format Version 12.00
# Visual Studio Version 17
VisualStudioVersion = 17.1.32421.90
MinimumVisualStudioVersion = 10.0.40219.1
Project("{FAE04EC0-301F-11D3-BF4B-00C04F79EFBC}") = "Boolean Logic", "Boolean Logic.csproj", "{A7EC178F-3572-4983-B089-165E76E0630D}"
EndProject
Global
	GlobalSection(SolutionConfigurationPlatforms) = preSolution
		Debug|Any CPU = Debug|Any CPU
		Release|Any CPU = Release|Any CPU
	EndGlobalSection
	GlobalSection(ProjectConfigurationPlatforms) = postSolution
		{A7EC178F-3572-4983-B089-165E76E0630D}.Debug|Any CPU.ActiveCfg = Debug|Any CPU
		{A7EC178F-3572-4983-B089-165E76E0630D}.Debug|Any CPU.Build.0 = Debug|Any CPU
		{A7EC178F-3572-4983-B089-165E76E0630D}.Release|Any CPU.ActiveCfg = Release|Any CPU
		{A7EC178F-3572-4983-B089-165E76E0630D}.Release|Any CPU.Build.0 = Release|Any CPU
	EndGlobalSection
	GlobalSection(SolutionProperties) = preSolution
		HideSolutionNode = FALSE
	EndGlobalSection
	GlobalSection(ExtensibilityGlobals) = postSolution
		SolutionGuid = {D99B6174-5874-4CD1-AEEE-7637D72E99FC}
	EndGlobalSection
EndGlobal
