
Microsoft Visual Studio Solution File, Format Version 12.00
# Visual Studio Version 17
VisualStudioVersion = 17.1.32421.90
MinimumVisualStudioVersion = 10.0.40219.1
Project("{FAE04EC0-301F-11D3-BF4B-00C04F79EFBC}") = "class methods ass1", "class methods ass1.csproj", "{3B9DB41F-3453-4AE2-8F34-30434A55594B}"
EndProject
Global
	GlobalSection(SolutionConfigurationPlatforms) = preSolution
		Debug|Any CPU = Debug|Any CPU
		Release|Any CPU = Release|Any CPU
	EndGlobalSection
	GlobalSection(ProjectConfigurationPlatforms) = postSolution
		{3B9DB41F-3453-4AE2-8F34-30434A55594B}.Debug|Any CPU.ActiveCfg = Debug|Any CPU
		{3B9DB41F-3453-4AE2-8F34-30434A55594B}.Debug|Any CPU.Build.0 = Debug|Any CPU
		{3B9DB41F-3453-4AE2-8F34-30434A55594B}.Release|Any CPU.ActiveCfg = Release|Any CPU
		{3B9DB41F-3453-4AE2-8F34-30434A55594B}.Release|Any CPU.Build.0 = Release|Any CPU
	EndGlobalSection
	GlobalSection(SolutionProperties) = preSolution
		HideSolutionNode = FALSE
	EndGlobalSection
	GlobalSection(ExtensibilityGlobals) = postSolution
		SolutionGuid = {A121A201-0172-40C0-A473-7EA4BA1662EF}
	EndGlobalSection
EndGlobal
